
Microsoft Visual Studio Solution File, Format Version 12.00
# Visual Studio Version 17
VisualStudioVersion = 17.14.36015.10 d17.14
MinimumVisualStudioVersion = 10.0.40219.1
Project("{FAE04EC0-301F-11D3-BF4B-00C04F79EFBC}") = "ListaPOO-ex7", "ListaPOO-ex7\ListaPOO-ex7.csproj", "{72667C59-DA32-4B2B-8693-00BD702D0695}"
EndProject
Global
	GlobalSection(SolutionConfigurationPlatforms) = preSolution
		Debug|Any CPU = Debug|Any CPU
		Release|Any CPU = Release|Any CPU
	EndGlobalSection
	GlobalSection(ProjectConfigurationPlatforms) = postSolution
		{72667C59-DA32-4B2B-8693-00BD702D0695}.Debug|Any CPU.ActiveCfg = Debug|Any CPU
		{72667C59-DA32-4B2B-8693-00BD702D0695}.Debug|Any CPU.Build.0 = Debug|Any CPU
		{72667C59-DA32-4B2B-8693-00BD702D0695}.Release|Any CPU.ActiveCfg = Release|Any CPU
		{72667C59-DA32-4B2B-8693-00BD702D0695}.Release|Any CPU.Build.0 = Release|Any CPU
	EndGlobalSection
	GlobalSection(SolutionProperties) = preSolution
		HideSolutionNode = FALSE
	EndGlobalSection
	GlobalSection(ExtensibilityGlobals) = postSolution
		SolutionGuid = {6CF2A6E1-B65D-49DE-914A-C76F84C89CB3}
	EndGlobalSection
EndGlobal
