
Microsoft Visual Studio Solution File, Format Version 12.00
# Visual Studio Version 17
VisualStudioVersion = 17.13.35931.197 d17.13
MinimumVisualStudioVersion = 10.0.40219.1
Project("{FAE04EC0-301F-11D3-BF4B-00C04F79EFBC}") = "ListaPOO_Exe4", "ListaPOO_Exe4\ListaPOO_Exe4.csproj", "{0274E2AF-C3CE-4D83-90B4-8B2995F41FC7}"
EndProject
Global
	GlobalSection(SolutionConfigurationPlatforms) = preSolution
		Debug|Any CPU = Debug|Any CPU
		Release|Any CPU = Release|Any CPU
	EndGlobalSection
	GlobalSection(ProjectConfigurationPlatforms) = postSolution
		{0274E2AF-C3CE-4D83-90B4-8B2995F41FC7}.Debug|Any CPU.ActiveCfg = Debug|Any CPU
		{0274E2AF-C3CE-4D83-90B4-8B2995F41FC7}.Debug|Any CPU.Build.0 = Debug|Any CPU
		{0274E2AF-C3CE-4D83-90B4-8B2995F41FC7}.Release|Any CPU.ActiveCfg = Release|Any CPU
		{0274E2AF-C3CE-4D83-90B4-8B2995F41FC7}.Release|Any CPU.Build.0 = Release|Any CPU
	EndGlobalSection
	GlobalSection(SolutionProperties) = preSolution
		HideSolutionNode = FALSE
	EndGlobalSection
	GlobalSection(ExtensibilityGlobals) = postSolution
		SolutionGuid = {3EDA3E92-1AC5-481C-95B2-E8246A1A86F0}
	EndGlobalSection
EndGlobal
