
Microsoft Visual Studio Solution File, Format Version 12.00
# Visual Studio Version 17
VisualStudioVersion = 17.14.36015.10 d17.14
MinimumVisualStudioVersion = 10.0.40219.1
Project("{FAE04EC0-301F-11D3-BF4B-00C04F79EFBC}") = "ListaPOO-ex8", "ListaPOO-ex8\ListaPOO-ex8.csproj", "{59B02B6F-F29E-4F0C-A19D-0E24CAD5DD7B}"
EndProject
Global
	GlobalSection(SolutionConfigurationPlatforms) = preSolution
		Debug|Any CPU = Debug|Any CPU
		Release|Any CPU = Release|Any CPU
	EndGlobalSection
	GlobalSection(ProjectConfigurationPlatforms) = postSolution
		{59B02B6F-F29E-4F0C-A19D-0E24CAD5DD7B}.Debug|Any CPU.ActiveCfg = Debug|Any CPU
		{59B02B6F-F29E-4F0C-A19D-0E24CAD5DD7B}.Debug|Any CPU.Build.0 = Debug|Any CPU
		{59B02B6F-F29E-4F0C-A19D-0E24CAD5DD7B}.Release|Any CPU.ActiveCfg = Release|Any CPU
		{59B02B6F-F29E-4F0C-A19D-0E24CAD5DD7B}.Release|Any CPU.Build.0 = Release|Any CPU
	EndGlobalSection
	GlobalSection(SolutionProperties) = preSolution
		HideSolutionNode = FALSE
	EndGlobalSection
	GlobalSection(ExtensibilityGlobals) = postSolution
		SolutionGuid = {D5C37346-99AE-44F0-907E-037BEE2DDF2C}
	EndGlobalSection
EndGlobal
