
Microsoft Visual Studio Solution File, Format Version 12.00
# Visual Studio Version 17
VisualStudioVersion = 17.14.36015.10 d17.14
MinimumVisualStudioVersion = 10.0.40219.1
Project("{FAE04EC0-301F-11D3-BF4B-00C04F79EFBC}") = "ListaPOO-ex13", "ListaPOO-ex13\ListaPOO-ex13.csproj", "{30A096FE-91F2-415B-8485-DE227755CC39}"
EndProject
Global
	GlobalSection(SolutionConfigurationPlatforms) = preSolution
		Debug|Any CPU = Debug|Any CPU
		Release|Any CPU = Release|Any CPU
	EndGlobalSection
	GlobalSection(ProjectConfigurationPlatforms) = postSolution
		{30A096FE-91F2-415B-8485-DE227755CC39}.Debug|Any CPU.ActiveCfg = Debug|Any CPU
		{30A096FE-91F2-415B-8485-DE227755CC39}.Debug|Any CPU.Build.0 = Debug|Any CPU
		{30A096FE-91F2-415B-8485-DE227755CC39}.Release|Any CPU.ActiveCfg = Release|Any CPU
		{30A096FE-91F2-415B-8485-DE227755CC39}.Release|Any CPU.Build.0 = Release|Any CPU
	EndGlobalSection
	GlobalSection(SolutionProperties) = preSolution
		HideSolutionNode = FALSE
	EndGlobalSection
	GlobalSection(ExtensibilityGlobals) = postSolution
		SolutionGuid = {87A6E2BD-3D96-41A0-9458-B24A6FEE1126}
	EndGlobalSection
EndGlobal
