
Microsoft Visual Studio Solution File, Format Version 12.00
# Visual Studio Version 17
VisualStudioVersion = 17.13.35931.197 d17.13
MinimumVisualStudioVersion = 10.0.40219.1
Project("{FAE04EC0-301F-11D3-BF4B-00C04F79EFBC}") = "ListaPOO_Exe2", "ListaPOO_Exe2\ListaPOO_Exe2.csproj", "{BE7ECDDC-EE74-418B-95E6-D0F64263EE72}"
EndProject
Global
	GlobalSection(SolutionConfigurationPlatforms) = preSolution
		Debug|Any CPU = Debug|Any CPU
		Release|Any CPU = Release|Any CPU
	EndGlobalSection
	GlobalSection(ProjectConfigurationPlatforms) = postSolution
		{BE7ECDDC-EE74-418B-95E6-D0F64263EE72}.Debug|Any CPU.ActiveCfg = Debug|Any CPU
		{BE7ECDDC-EE74-418B-95E6-D0F64263EE72}.Debug|Any CPU.Build.0 = Debug|Any CPU
		{BE7ECDDC-EE74-418B-95E6-D0F64263EE72}.Release|Any CPU.ActiveCfg = Release|Any CPU
		{BE7ECDDC-EE74-418B-95E6-D0F64263EE72}.Release|Any CPU.Build.0 = Release|Any CPU
	EndGlobalSection
	GlobalSection(SolutionProperties) = preSolution
		HideSolutionNode = FALSE
	EndGlobalSection
	GlobalSection(ExtensibilityGlobals) = postSolution
		SolutionGuid = {B5991222-F511-415B-BA9D-95E850EFB347}
	EndGlobalSection
EndGlobal
