
Microsoft Visual Studio Solution File, Format Version 12.00
# Visual Studio Version 17
VisualStudioVersion = 17.14.36015.10 d17.14
MinimumVisualStudioVersion = 10.0.40219.1
Project("{FAE04EC0-301F-11D3-BF4B-00C04F79EFBC}") = "ListaPOO-ex12", "ListaPOO-ex12\ListaPOO-ex12.csproj", "{F390D557-7510-4269-B80C-CB4DD100B917}"
EndProject
Global
	GlobalSection(SolutionConfigurationPlatforms) = preSolution
		Debug|Any CPU = Debug|Any CPU
		Release|Any CPU = Release|Any CPU
	EndGlobalSection
	GlobalSection(ProjectConfigurationPlatforms) = postSolution
		{F390D557-7510-4269-B80C-CB4DD100B917}.Debug|Any CPU.ActiveCfg = Debug|Any CPU
		{F390D557-7510-4269-B80C-CB4DD100B917}.Debug|Any CPU.Build.0 = Debug|Any CPU
		{F390D557-7510-4269-B80C-CB4DD100B917}.Release|Any CPU.ActiveCfg = Release|Any CPU
		{F390D557-7510-4269-B80C-CB4DD100B917}.Release|Any CPU.Build.0 = Release|Any CPU
	EndGlobalSection
	GlobalSection(SolutionProperties) = preSolution
		HideSolutionNode = FALSE
	EndGlobalSection
	GlobalSection(ExtensibilityGlobals) = postSolution
		SolutionGuid = {C45514F4-E094-4101-84BD-FAA6993933B1}
	EndGlobalSection
EndGlobal
